
Microsoft Visual Studio Solution File, Format Version 12.00
# Visual Studio 2013
VisualStudioVersion = 12.0.0.0
MinimumVisualStudioVersion = 10.0.0.1
Project("{FAE04EC0-301F-11D3-BF4B-00C04F79EFBC}") = "SharpTypes", "SharpTypes/SharpTypes.csproj", "{71F6FBE0-DE21-4406-9EAA-37AE91459B02}"
EndProject
Project("{FAE04EC0-301F-11D3-BF4B-00C04F79EFBC}") = "SharpTypeTests", "SharpTypeTests\SharpTypeTests.csproj", "{8239E230-5D19-464F-AFEA-771CA32E5801}"
EndProject
Global
	GlobalSection(SolutionConfigurationPlatforms) = preSolution
		Debug|Any CPU = Debug|Any CPU
		Release|Any CPU = Release|Any CPU
	EndGlobalSection
	GlobalSection(ProjectConfigurationPlatforms) = postSolution
		{71F6FBE0-DE21-4406-9EAA-37AE91459B02}.Debug|Any CPU.ActiveCfg = Debug|Any CPU
		{71F6FBE0-DE21-4406-9EAA-37AE91459B02}.Debug|Any CPU.Build.0 = Debug|Any CPU
		{71F6FBE0-DE21-4406-9EAA-37AE91459B02}.Release|Any CPU.ActiveCfg = Release|Any CPU
		{71F6FBE0-DE21-4406-9EAA-37AE91459B02}.Release|Any CPU.Build.0 = Release|Any CPU
		{8239E230-5D19-464F-AFEA-771CA32E5801}.Debug|Any CPU.ActiveCfg = Debug|Any CPU
		{8239E230-5D19-464F-AFEA-771CA32E5801}.Debug|Any CPU.Build.0 = Debug|Any CPU
		{8239E230-5D19-464F-AFEA-771CA32E5801}.Release|Any CPU.ActiveCfg = Release|Any CPU
		{8239E230-5D19-464F-AFEA-771CA32E5801}.Release|Any CPU.Build.0 = Release|Any CPU
	EndGlobalSection
	GlobalSection(SolutionProperties) = preSolution
		HideSolutionNode = FALSE
	EndGlobalSection
EndGlobal
